
Microsoft Visual Studio Solution File, Format Version 12.00
# Visual Studio Version 17
VisualStudioVersion = 17.9.34728.123
MinimumVisualStudioVersion = 10.0.40219.1
Project("{FAE04EC0-301F-11D3-BF4B-00C04F79EFBC}") = "FinalAssessmentAPI", "FinalAssessmentAPI\FinalAssessmentAPI.csproj", "{306AE383-F9FF-43F7-9249-2CADB4B03A97}"
EndProject
Project("{FAE04EC0-301F-11D3-BF4B-00C04F79EFBC}") = "FinalAssessmentAPI.Core", "FinalAssessmentAPI.Core\FinalAssessmentAPI.Core.csproj", "{A48FEF36-D8E5-4C79-90E8-ECC6F1DC42FE}"
EndProject
Project("{FAE04EC0-301F-11D3-BF4B-00C04F79EFBC}") = "FinalAssessmentAPI.Infrastructure", "FinalAssessmentAPI.Infrastructure\FinalAssessmentAPI.Infrastructure.csproj", "{669F80DA-5C53-4795-B6AC-F24F1A1BF55A}"
EndProject
Global
	GlobalSection(SolutionConfigurationPlatforms) = preSolution
		Debug|Any CPU = Debug|Any CPU
		Release|Any CPU = Release|Any CPU
	EndGlobalSection
	GlobalSection(ProjectConfigurationPlatforms) = postSolution
		{306AE383-F9FF-43F7-9249-2CADB4B03A97}.Debug|Any CPU.ActiveCfg = Debug|Any CPU
		{306AE383-F9FF-43F7-9249-2CADB4B03A97}.Debug|Any CPU.Build.0 = Debug|Any CPU
		{306AE383-F9FF-43F7-9249-2CADB4B03A97}.Release|Any CPU.ActiveCfg = Release|Any CPU
		{306AE383-F9FF-43F7-9249-2CADB4B03A97}.Release|Any CPU.Build.0 = Release|Any CPU
		{A48FEF36-D8E5-4C79-90E8-ECC6F1DC42FE}.Debug|Any CPU.ActiveCfg = Debug|Any CPU
		{A48FEF36-D8E5-4C79-90E8-ECC6F1DC42FE}.Debug|Any CPU.Build.0 = Debug|Any CPU
		{A48FEF36-D8E5-4C79-90E8-ECC6F1DC42FE}.Release|Any CPU.ActiveCfg = Release|Any CPU
		{A48FEF36-D8E5-4C79-90E8-ECC6F1DC42FE}.Release|Any CPU.Build.0 = Release|Any CPU
		{669F80DA-5C53-4795-B6AC-F24F1A1BF55A}.Debug|Any CPU.ActiveCfg = Debug|Any CPU
		{669F80DA-5C53-4795-B6AC-F24F1A1BF55A}.Debug|Any CPU.Build.0 = Debug|Any CPU
		{669F80DA-5C53-4795-B6AC-F24F1A1BF55A}.Release|Any CPU.ActiveCfg = Release|Any CPU
		{669F80DA-5C53-4795-B6AC-F24F1A1BF55A}.Release|Any CPU.Build.0 = Release|Any CPU
	EndGlobalSection
	GlobalSection(SolutionProperties) = preSolution
		HideSolutionNode = FALSE
	EndGlobalSection
	GlobalSection(ExtensibilityGlobals) = postSolution
		SolutionGuid = {ADB820F2-F1DD-4A64-925F-61D83DF964E1}
	EndGlobalSection
EndGlobal
